{
  "name": "site",
  "version": "1.0.0",
  "lockfileVersion": 1,
  "requires": true,
  "dependencies": {
    "vue": {
      "version": "2.6.14",
      "resolved": "https://registry.npmjs.org/vue/-/vue-2.6.14.tgz",
      "integrity": "sha512-x2284lgYvjOMj3Za7kqzRcUSxBboHqtgRE2zlos1qWaOye5yUmHn42LB1250NJBLRwEcdrB0JRwyPTEPhfQjiQ=="
    },
    "vue-date-pick": {
      "version": "1.4.1",
      "resolved": "https://registry.npmjs.org/vue-date-pick/-/vue-date-pick-1.4.1.tgz",
      "integrity": "sha512-x4PnXwfMWAWZQF4yctAhENSnQyZUt3+vV7mVravXgvijtwzQx7zoOicgzMPg/LNdzBQWxnOjAa7GvSAY98Hp8A==",
      "requires": {
        "vue": "^2.6.0"
      }
    }
  }
}
